// !$*UTF8*$!
{
	archiveVersion = 1;
	classes = {
	};
	objectVersion = 48;
	objects = {

/* Begin PBXBuildFile section */
		D268EC591F77FDAB00DE3753 /* AppDelegate.m in Sources */ = {isa = PBXBuildFile; fileRef = D268EC581F77FDAB00DE3753 /* AppDelegate.m */; };
		D268EC5C1F77FDAB00DE3753 /* ViewController.m in Sources */ = {isa = PBXBuildFile; fileRef = D268EC5B1F77FDAB00DE3753 /* ViewController.m */; };
		D268EC5F1F77FDAB00DE3753 /* Main.storyboard in Resources */ = {isa = PBXBuildFile; fileRef = D268EC5D1F77FDAB00DE3753 /* Main.storyboard */; };
		D268EC611F77FDAB00DE3753 /* Assets.xcassets in Resources */ = {isa = PBXBuildFile; fileRef = D268EC601F77FDAB00DE3753 /* Assets.xcassets */; };
		D268EC641F77FDAB00DE3753 /* LaunchScreen.storyboard in Resources */ = {isa = PBXBuildFile; fileRef = D268EC621F77FDAB00DE3753 /* LaunchScreen.storyboard */; };
		D268EC671F77FDAB00DE3753 /* main.m in Sources */ = {isa = PBXBuildFile; fileRef = D268EC661F77FDAB00DE3753 /* main.m */; };
		D268EC6F1F77FDDB00DE3753 /* Person.m in Sources */ = {isa = PBXBuildFile; fileRef = D268EC6E1F77FDDB00DE3753 /* Person.m */; };
/* End PBXBuildFile section */

/* Begin PBXFileReference section */
		D268EC541F77FDAB00DE3753 /* cff.app */ = {isa = PBXFileReference; explicitFileType = wrapper.application; includeInIndex = 0; path = cff.app; sourceTree = BUILT_PRODUCTS_DIR; };
		D268EC571F77FDAB00DE3753 /* AppDelegate.h */ = {isa = PBXFileReference; lastKnownFileType = sourcecode.c.h; path = AppDelegate.h; sourceTree = "<group>"; };
		D268EC581F77FDAB00DE3753 /* AppDelegate.m */ = {isa = PBXFileReference; lastKnownFileType = sourcecode.c.objc; path = AppDelegate.m; sourceTree = "<group>"; };
		D268EC5A1F77FDAB00DE3753 /* ViewController.h */ = {isa = PBXFileReference; lastKnownFileType = sourcecode.c.h; path = ViewController.h; sourceTree = "<group>"; };
		D268EC5B1F77FDAB00DE3753 /* ViewController.m */ = {isa = PBXFileReference; lastKnownFileType = sourcecode.c.objc; path = ViewController.m; sourceTree = "<group>"; };
		D268EC5E1F77FDAB00DE3753 /* Base */ = {isa = PBXFileReference; lastKnownFileType = file.storyboard; name = Base; path = Base.lproj/Main.storyboard; sourceTree = "<group>"; };
		D268EC601F77FDAB00DE3753 /* Assets.xcassets */ = {isa = PBXFileReference; lastKnownFileType = folder.assetcatalog; path = Assets.xcassets; sourceTree = "<group>"; };
		D268EC631F77FDAB00DE3753 /* Base */ = {isa = PBXFileReference; lastKnownFileType = file.storyboard; name = Base; path = Base.lproj/LaunchScreen.storyboard; sourceTree = "<group>"; };
		D268EC651F77FDAB00DE3753 /* Info.plist */ = {isa = PBXFileReference; lastKnownFileType = text.plist.xml; path = Info.plist; sourceTree = "<group>"; };
		D268EC661F77FDAB00DE3753 /* main.m */ = {isa = PBXFileReference; lastKnownFileType = sourcecode.c.objc; path = main.m; sourceTree = "<group>"; };
		D268EC6D1F77FDDB00DE3753 /* Person.h */ = {isa = PBXFileReference; lastKnownFileType = sourcecode.c.h; path = Person.h; sourceTree = "<group>"; };
		D268EC6E1F77FDDB00DE3753 /* Person.m */ = {isa = PBXFileReference; lastKnownFileType = sourcecode.c.objc; path = Person.m; sourceTree = "<group>"; };
/* End PBXFileReference section */

/* Begin PBXFrameworksBuildPhase section */
		D268EC511F77FDAB00DE3753 /* Frameworks */ = {
			isa = PBXFrameworksBuildPhase;
			buildActionMask = 2147483647;
			files = (
			);
			runOnlyForDeploymentPostprocessing = 0;
		};
/* End PBXFrameworksBuildPhase section */

/* Begin PBXGroup section */
		D268EC4B1F77FDAB00DE3753 = {
			isa = PBXGroup;
			children = (
				D268EC561F77FDAB00DE3753 /* cff */,
				D268EC551F77FDAB00DE3753 /* Products */,
			);
			sourceTree = "<group>";
		};
		D268EC551F77FDAB00DE3753 /* Products */ = {
			isa = PBXGroup;
			children = (
				D268EC541F77FDAB00DE3753 /* cff.app */,
			);
			name = Products;
			sourceTree = "<group>";
		};
		D268EC561F77FDAB00DE3753 /* cff */ = {
			isa = PBXGroup;
			children = (
				D268EC571F77FDAB00DE3753 /* AppDelegate.h */,
				D268EC581F77FDAB00DE3753 /* AppDelegate.m */,
				D268EC5A1F77FDAB00DE3753 /* ViewController.h */,
				D268EC5B1F77FDAB00DE3753 /* ViewController.m */,
				D268EC6D1F77FDDB00DE3753 /* Person.h */,
				D268EC6E1F77FDDB00DE3753 /* Person.m */,
				D268EC5D1F77FDAB00DE3753 /* Main.storyboard */,
				D268EC601F77FDAB00DE3753 /* Assets.xcassets */,
				D268EC621F77FDAB00DE3753 /* LaunchScreen.storyboard */,
				D268EC651F77FDAB00DE3753 /* Info.plist */,
				D268EC661F77FDAB00DE3753 /* main.m */,
			);
			path = cff;
			sourceTree = "<group>";
		};
/* End PBXGroup section */

/* Begin PBXNativeTarget section */
		D268EC531F77FDAB00DE3753 /* cff */ = {
			isa = PBXNativeTarget;
			buildConfigurationList = D268EC6A1F77FDAB00DE3753 /* Build configuration list for PBXNativeTarget "cff" */;
			buildPhases = (
				D268EC501F77FDAB00DE3753 /* Sources */,
				D268EC511F77FDAB00DE3753 /* Frameworks */,
				D268EC521F77FDAB00DE3753 /* Resources */,
			);
			buildRules = (
			);
			dependencies = (
			);
			name = cff;
			productName = cff;
			productReference = D268EC541F77FDAB00DE3753 /* cff.app */;
			productType = "com.apple.product-type.application";
		};
/* End PBXNativeTarget section */

/* Begin PBXProject section */
		D268EC4C1F77FDAB00DE3753 /* Project object */ = {
			isa = PBXProject;
			attributes = {
				LastUpgradeCheck = 0900;
				ORGANIZATIONNAME = cff;
				TargetAttributes = {
					D268EC531F77FDAB00DE3753 = {
						CreatedOnToolsVersion = 9.0;
						ProvisioningStyle = Automatic;
					};
				};
			};
			buildConfigurationList = D268EC4F1F77FDAB00DE3753 /* Build configuration list for PBXProject "cff" */;
			compatibilityVersion = "Xcode 8.0";
			developmentRegion = en;
			hasScannedForEncodings = 0;
			knownRegions = (
				en,
				Base,
			);
			mainGroup = D268EC4B1F77FDAB00DE3753;
			productRefGroup = D268EC551F77FDAB00DE3753 /* Products */;
			projectDirPath = "";
			projectRoot = "";
			targets = (
				D268EC531F77FDAB00DE3753 /* cff */,
			);
		};
/* End PBXProject section */

/* Begin PBXResourcesBuildPhase section */
		D268EC521F77FDAB00DE3753 /* Resources */ = {
			isa = PBXResourcesBuildPhase;
			buildActionMask = 2147483647;
			files = (
				D268EC641F77FDAB00DE3753 /* LaunchScreen.storyboard in Resources */,
				D268EC611F77FDAB00DE3753 /* Assets.xcassets in Resources */,
				D268EC5F1F77FDAB00DE3753 /* Main.storyboard in Resources */,
			);
			runOnlyForDeploymentPostprocessing = 0;
		};
/* End PBXResourcesBuildPhase section */

/* Begin PBXSourcesBuildPhase section */
		D268EC501F77FDAB00DE3753 /* Sources */ = {
			isa = PBXSourcesBuildPhase;
			buildActionMask = 2147483647;
			files = (
				D268EC5C1F77FDAB00DE3753 /* ViewController.m in Sources */,
				D268EC671F77FDAB00DE3753 /* main.m in Sources */,
				D268EC6F1F77FDDB00DE3753 /* Person.m in Sources */,
				D268EC591F77FDAB00DE3753 /* AppDelegate.m in Sources */,
			);
			runOnlyForDeploymentPostprocessing = 0;
		};
/* End PBXSourcesBuildPhase section */

/* Begin PBXVariantGroup section */
		D268EC5D1F77FDAB00DE3753 /* Main.storyboard */ = {
			isa = PBXVariantGroup;
			children = (
				D268EC5E1F77FDAB00DE3753 /* Base */,
			);
			name = Main.storyboard;
			sourceTree = "<group>";
		};
		D268EC621F77FDAB00DE3753 /* LaunchScreen.storyboard */ = {
			isa = PBXVariantGroup;
			children = (
				D268EC631F77FDAB00DE3753 /* Base */,
			);
			name = LaunchScreen.storyboard;
			sourceTree = "<group>";
		};
/* End PBXVariantGroup section */

/* Begin XCBuildConfiguration section */
		D268EC681F77FDAB00DE3753 /* Debug */ = {
			isa = XCBuildConfiguration;
			buildSettings = {
				ALWAYS_SEARCH_USER_PATHS = NO;
				CLANG_ANALYZER_NONNULL = YES;
				CLANG_ANALYZER_NUMBER_OBJECT_CONVERSION = YES_AGGRESSIVE;
				CLANG_CXX_LANGUAGE_STANDARD = "gnu++14";
				CLANG_CXX_LIBRARY = "libc++";
				CLANG_ENABLE_MODULES = YES;
				CLANG_ENABLE_OBJC_ARC = YES;
				CLANG_WARN_BLOCK_CAPTURE_AUTORELEASING = YES;
				CLANG_WARN_BOOL_CONVERSION = YES;
				CLANG_WARN_COMMA = YES;
				CLANG_WARN_CONSTANT_CONVERSION = YES;
				CLANG_WARN_DIRECT_OBJC_ISA_USAGE = YES_ERROR;
				CLANG_WARN_DOCUMENTATION_COMMENTS = YES;
				CLANG_WARN_EMPTY_BODY = YES;
				CLANG_WARN_ENUM_CONVERSION = YES;
				CLANG_WARN_INFINITE_RECURSION = YES;
				CLANG_WARN_INT_CONVERSION = YES;
				CLANG_WARN_NON_LITERAL_NULL_CONVERSION = YES;
				CLANG_WARN_OBJC_LITERAL_CONVERSION = YES;
				CLANG_WARN_OBJC_ROOT_CLASS = YES_ERROR;
				CLANG_WARN_RANGE_LOOP_ANALYSIS = YES;
				CLANG_WARN_STRICT_PROTOTYPES = YES;
				CLANG_WARN_SUSPICIOUS_MOVE = YES;
				CLANG_WARN_UNGUARDED_AVAILABILITY = YES_AGGRESSIVE;
				CLANG_WARN_UNREACHABLE_CODE = YES;
				CLANG_WARN__DUPLICATE_METHOD_MATCH = YES;
				CODE_SIGN_IDENTITY = "iPhone Developer";
				COPY_PHASE_STRIP = NO;
				DEBUG_INFORMATION_FORMAT = dwarf;
				ENABLE_STRICT_OBJC_MSGSEND = YES;
				ENABLE_TESTABILITY = YES;
				GCC_C_LANGUAGE_STANDARD = gnu11;
				GCC_DYNAMIC_NO_PIC = NO;
				GCC_NO_COMMON_BLOCKS = YES;
				GCC_OPTIMIZATION_LEVEL = 0;
				GCC_PREPROCESSOR_DEFINITIONS = (
					"DEBUG=1",
					"$(inherited)",
				);
				GCC_WARN_64_TO_32_BIT_CONVERSION = YES;
				GCC_WARN_ABOUT_RETURN_TYPE = YES_ERROR;
				GCC_WARN_UNDECLARED_SELECTOR = YES;
				GCC_WARN_UNINITIALIZED_AUTOS = YES_AGGRESSIVE;
				GCC_WARN_UNUSED_FUNCTION = YES;
				GCC_WARN_UNUSED_VARIABLE = YES;
				IPHONEOS_DEPLOYMENT_TARGET = 11.0;
				MTL_ENABLE_DEBUG_INFO = YES;
				ONLY_ACTIVE_ARCH = YES;
				SDKROOT = iphoneos;
			};
			name = Debug;
		};
		D268EC691F77FDAB00DE3753 /* Release */ = {
			isa = XCBuildConfiguration;
			buildSettings = {
				ALWAYS_SEARCH_USER_PATHS = NO;
				CLANG_ANALYZER_NONNULL = YES;
				CLANG_ANALYZER_NUMBER_OBJECT_CONVERSION = YES_AGGRESSIVE;
				CLANG_CXX_LANGUAGE_STANDARD = "gnu++14";
				CLANG_CXX_LIBRARY = "libc++";
				CLANG_ENABLE_MODULES = YES;
				CLANG_ENABLE_OBJC_ARC = YES;
				CLANG_WARN_BLOCK_CAPTURE_AUTORELEASING = YES;
				CLANG_WARN_BOOL_CONVERSION = YES;
				CLANG_WARN_COMMA = YES;
				CLANG_WARN_CONSTANT_CONVERSION = YES;
				CLANG_WARN_DIRECT_OBJC_ISA_USAGE = YES_ERROR;
				CLANG_WARN_DOCUMENTATION_COMMENTS = YES;
				CLANG_WARN_EMPTY_BODY = YES;
				CLANG_WARN_ENUM_CONVERSION = YES;
				CLANG_WARN_INFINITE_RECURSION = YES;
				CLANG_WARN_INT_CONVERSION = YES;
				CLANG_WARN_NON_LITERAL_NULL_CONVERSION = YES;
				CLANG_WARN_OBJC_LITERAL_CONVERSION = YES;
				CLANG_WARN_OBJC_ROOT_CLASS = YES_ERROR;
				CLANG_WARN_RANGE_LOOP_ANALYSIS = YES;
				CLANG_WARN_STRICT_PROTOTYPES = YES;
				CLANG_WARN_SUSPICIOUS_MOVE = YES;
				CLANG_WARN_UNGUARDED_AVAILABILITY = YES_AGGRESSIVE;
				CLANG_WARN_UNREACHABLE_CODE = YES;
				CLANG_WARN__DUPLICATE_METHOD_MATCH = YES;
				CODE_SIGN_IDENTITY = "iPhone Developer";
				COPY_PHASE_STRIP = NO;
				DEBUG_INFORMATION_FORMAT = "dwarf-with-dsym";
				ENABLE_NS_ASSERTIONS = NO;
				ENABLE_STRICT_OBJC_MSGSEND = YES;
				GCC_C_LANGUAGE_STANDARD = gnu11;
				GCC_NO_COMMON_BLOCKS = YES;
				GCC_WARN_64_TO_32_BIT_CONVERSION = YES;
				GCC_WARN_ABOUT_RETURN_TYPE = YES_ERROR;
				GCC_WARN_UNDECLARED_SELECTOR = YES;
				GCC_WARN_UNINITIALIZED_AUTOS = YES_AGGRESSIVE;
				GCC_WARN_UNUSED_FUNCTION = YES;
				GCC_WARN_UNUSED_VARIABLE = YES;
				IPHONEOS_DEPLOYMENT_TARGET = 11.0;
				MTL_ENABLE_DEBUG_INFO = NO;
				SDKROOT = iphoneos;
				VALIDATE_PRODUCT = YES;
			};
			name = Release;
		};
		D268EC6B1F77FDAB00DE3753 /* Debug */ = {
			isa = XCBuildConfiguration;
			buildSettings = {
				ASSETCATALOG_COMPILER_APPICON_NAME = AppIcon;
				CODE_SIGN_STYLE = Automatic;
				DEVELOPMENT_TEAM = "";
				INFOPLIST_FILE = cff/Info.plist;
				IPHONEOS_DEPLOYMENT_TARGET = 8.0;
				LD_RUNPATH_SEARCH_PATHS = "$(inherited) @executable_path/Frameworks";
				PRODUCT_BUNDLE_IDENTIFIER = com.jzt.cff;
				PRODUCT_NAME = "$(TARGET_NAME)";
				TARGETED_DEVICE_FAMILY = "1,2";
			};
			name = Debug;
		};
		D268EC6C1F77FDAB00DE3753 /* Release */ = {
			isa = XCBuildConfiguration;
			buildSettings = {
				ASSETCATALOG_COMPILER_APPICON_NAME = AppIcon;
				CODE_SIGN_STYLE = Automatic;
				DEVELOPMENT_TEAM = "";
				INFOPLIST_FILE = cff/Info.plist;
				IPHONEOS_DEPLOYMENT_TARGET = 8.0;
				LD_RUNPATH_SEARCH_PATHS = "$(inherited) @executable_path/Frameworks";
				PRODUCT_BUNDLE_IDENTIFIER = com.jzt.cff;
				PRODUCT_NAME = "$(TARGET_NAME)";
				TARGETED_DEVICE_FAMILY = "1,2";
			};
			name = Release;
		};
/* End XCBuildConfiguration section */

/* Begin XCConfigurationList section */
		D268EC4F1F77FDAB00DE3753 /* Build configuration list for PBXProject "cff" */ = {
			isa = XCConfigurationList;
			buildConfigurations = (
				D268EC681F77FDAB00DE3753 /* Debug */,
				D268EC691F77FDAB00DE3753 /* Release */,
			);
			defaultConfigurationIsVisible = 0;
			defaultConfigurationName = Release;
		};
		D268EC6A1F77FDAB00DE3753 /* Build configuration list for PBXNativeTarget "cff" */ = {
			isa = XCConfigurationList;
			buildConfigurations = (
				D268EC6B1F77FDAB00DE3753 /* Debug */,
				D268EC6C1F77FDAB00DE3753 /* Release */,
			);
			defaultConfigurationIsVisible = 0;
			defaultConfigurationName = Release;
		};
/* End XCConfigurationList section */
	};
	rootObject = D268EC4C1F77FDAB00DE3753 /* Project object */;
}
